
Microsoft Visual Studio Solution File, Format Version 12.00
# Visual Studio Version 17
VisualStudioVersion = 17.7.34202.233
MinimumVisualStudioVersion = 10.0.40219.1
Project("{9A19103F-16F7-4668-BE54-9A1E7A4F7556}") = "BertLunch", "BertLunch\BertLunch.csproj", "{F8052C79-9B49-48E3-BED5-BC7AC356BF3D}"
EndProject
Project("{9A19103F-16F7-4668-BE54-9A1E7A4F7556}") = "Model", "Model\Model.csproj", "{3C4853D8-A568-473F-A06D-15EDCA7FF279}"
EndProject
Project("{9A19103F-16F7-4668-BE54-9A1E7A4F7556}") = "Service", "Service\Service.csproj", "{D3831DD9-8CDC-4137-85AF-D7B2F24FD352}"
EndProject
Global
	GlobalSection(SolutionConfigurationPlatforms) = preSolution
		Debug|Any CPU = Debug|Any CPU
		Release|Any CPU = Release|Any CPU
	EndGlobalSection
	GlobalSection(ProjectConfigurationPlatforms) = postSolution
		{F8052C79-9B49-48E3-BED5-BC7AC356BF3D}.Debug|Any CPU.ActiveCfg = Debug|Any CPU
		{F8052C79-9B49-48E3-BED5-BC7AC356BF3D}.Debug|Any CPU.Build.0 = Debug|Any CPU
		{F8052C79-9B49-48E3-BED5-BC7AC356BF3D}.Release|Any CPU.ActiveCfg = Release|Any CPU
		{F8052C79-9B49-48E3-BED5-BC7AC356BF3D}.Release|Any CPU.Build.0 = Release|Any CPU
		{3C4853D8-A568-473F-A06D-15EDCA7FF279}.Debug|Any CPU.ActiveCfg = Debug|Any CPU
		{3C4853D8-A568-473F-A06D-15EDCA7FF279}.Debug|Any CPU.Build.0 = Debug|Any CPU
		{3C4853D8-A568-473F-A06D-15EDCA7FF279}.Release|Any CPU.ActiveCfg = Release|Any CPU
		{3C4853D8-A568-473F-A06D-15EDCA7FF279}.Release|Any CPU.Build.0 = Release|Any CPU
		{D3831DD9-8CDC-4137-85AF-D7B2F24FD352}.Debug|Any CPU.ActiveCfg = Debug|Any CPU
		{D3831DD9-8CDC-4137-85AF-D7B2F24FD352}.Debug|Any CPU.Build.0 = Debug|Any CPU
		{D3831DD9-8CDC-4137-85AF-D7B2F24FD352}.Release|Any CPU.ActiveCfg = Release|Any CPU
		{D3831DD9-8CDC-4137-85AF-D7B2F24FD352}.Release|Any CPU.Build.0 = Release|Any CPU
	EndGlobalSection
	GlobalSection(SolutionProperties) = preSolution
		HideSolutionNode = FALSE
	EndGlobalSection
	GlobalSection(ExtensibilityGlobals) = postSolution
		SolutionGuid = {2E9DC940-ACFF-417A-9968-7445BEA2939F}
	EndGlobalSection
EndGlobal
